
Microsoft Visual Studio Solution File, Format Version 12.00
# Visual Studio Version 17
VisualStudioVersion = 17.9.34622.214
MinimumVisualStudioVersion = 10.0.40219.1
Project("{FAE04EC0-301F-11D3-BF4B-00C04F79EFBC}") = "StudenciWebAPI", "StudenciWebAPI.csproj", "{F6554199-1A8B-4C0E-923E-72E9B6A073A9}"
EndProject
Project("{FAE04EC0-301F-11D3-BF4B-00C04F79EFBC}") = "Model", "..\Model\Model.csproj", "{7B23247E-886D-4527-AE7B-AB924509BC15}"
EndProject
Project("{FAE04EC0-301F-11D3-BF4B-00C04F79EFBC}") = "DAL", "..\DAL\DAL.csproj", "{B4F7D126-3990-4E72-B167-E37C020795B5}"
EndProject
Project("{FAE04EC0-301F-11D3-BF4B-00C04F79EFBC}") = "BLL", "..\BLL\BLL.csproj", "{08039209-7646-456B-9BEF-1C2984E07842}"
EndProject
Project("{FAE04EC0-301F-11D3-BF4B-00C04F79EFBC}") = "BLL_EF", "..\BLL_EF\BLL_EF.csproj", "{6D3751A2-B97B-47EC-958E-AF013D4ECCB3}"
EndProject
Global
	GlobalSection(SolutionConfigurationPlatforms) = preSolution
		Debug|Any CPU = Debug|Any CPU
		Release|Any CPU = Release|Any CPU
	EndGlobalSection
	GlobalSection(ProjectConfigurationPlatforms) = postSolution
		{F6554199-1A8B-4C0E-923E-72E9B6A073A9}.Debug|Any CPU.ActiveCfg = Debug|Any CPU
		{F6554199-1A8B-4C0E-923E-72E9B6A073A9}.Debug|Any CPU.Build.0 = Debug|Any CPU
		{F6554199-1A8B-4C0E-923E-72E9B6A073A9}.Release|Any CPU.ActiveCfg = Release|Any CPU
		{F6554199-1A8B-4C0E-923E-72E9B6A073A9}.Release|Any CPU.Build.0 = Release|Any CPU
		{7B23247E-886D-4527-AE7B-AB924509BC15}.Debug|Any CPU.ActiveCfg = Debug|Any CPU
		{7B23247E-886D-4527-AE7B-AB924509BC15}.Debug|Any CPU.Build.0 = Debug|Any CPU
		{7B23247E-886D-4527-AE7B-AB924509BC15}.Release|Any CPU.ActiveCfg = Release|Any CPU
		{7B23247E-886D-4527-AE7B-AB924509BC15}.Release|Any CPU.Build.0 = Release|Any CPU
		{B4F7D126-3990-4E72-B167-E37C020795B5}.Debug|Any CPU.ActiveCfg = Debug|Any CPU
		{B4F7D126-3990-4E72-B167-E37C020795B5}.Debug|Any CPU.Build.0 = Debug|Any CPU
		{B4F7D126-3990-4E72-B167-E37C020795B5}.Release|Any CPU.ActiveCfg = Release|Any CPU
		{B4F7D126-3990-4E72-B167-E37C020795B5}.Release|Any CPU.Build.0 = Release|Any CPU
		{08039209-7646-456B-9BEF-1C2984E07842}.Debug|Any CPU.ActiveCfg = Debug|Any CPU
		{08039209-7646-456B-9BEF-1C2984E07842}.Debug|Any CPU.Build.0 = Debug|Any CPU
		{08039209-7646-456B-9BEF-1C2984E07842}.Release|Any CPU.ActiveCfg = Release|Any CPU
		{08039209-7646-456B-9BEF-1C2984E07842}.Release|Any CPU.Build.0 = Release|Any CPU
		{6D3751A2-B97B-47EC-958E-AF013D4ECCB3}.Debug|Any CPU.ActiveCfg = Debug|Any CPU
		{6D3751A2-B97B-47EC-958E-AF013D4ECCB3}.Debug|Any CPU.Build.0 = Debug|Any CPU
		{6D3751A2-B97B-47EC-958E-AF013D4ECCB3}.Release|Any CPU.ActiveCfg = Release|Any CPU
		{6D3751A2-B97B-47EC-958E-AF013D4ECCB3}.Release|Any CPU.Build.0 = Release|Any CPU
	EndGlobalSection
	GlobalSection(SolutionProperties) = preSolution
		HideSolutionNode = FALSE
	EndGlobalSection
	GlobalSection(ExtensibilityGlobals) = postSolution
		SolutionGuid = {8B514C33-1EAE-40AC-B460-93F6485C70A3}
	EndGlobalSection
EndGlobal
